// !$*UTF8*$!
{
	archiveVersion = 1;
	classes = {
	};
	objectVersion = 46;
	objects = {

/* Begin PBXBuildFile section */
		EA2976C21A8BC5C600E8B77C /* PlayingCard.m in Sources */ = {isa = PBXBuildFile; fileRef = EA2976C11A8BC5C600E8B77C /* PlayingCard.m */; };
		EA360D471A98FEEB00764E7D /* PlayingCardGameViewController.m in Sources */ = {isa = PBXBuildFile; fileRef = EA360D461A98FEEB00764E7D /* PlayingCardGameViewController.m */; };
		EA5325851A9FBD9D005BB3E9 /* HistoryViewController.m in Sources */ = {isa = PBXBuildFile; fileRef = EA5325841A9FBD9D005BB3E9 /* HistoryViewController.m */; };
		EA77FD841AA0C1EB001382A8 /* GameResult.m in Sources */ = {isa = PBXBuildFile; fileRef = EA77FD831AA0C1EB001382A8 /* GameResult.m */; };
		EA77FD871AA0C5A9001382A8 /* GameResultsViewController.m in Sources */ = {isa = PBXBuildFile; fileRef = EA77FD861AA0C5A9001382A8 /* GameResultsViewController.m */; };
		EAB86CAA1A9C1EFB00042496 /* SetCard.m in Sources */ = {isa = PBXBuildFile; fileRef = EAB86CA91A9C1EFB00042496 /* SetCard.m */; };
		EAB86CAE1A9CBE6600042496 /* SetCardDeck.m in Sources */ = {isa = PBXBuildFile; fileRef = EAB86CAD1A9CBE6600042496 /* SetCardDeck.m */; };
		EAB86CB11A9CBEEA00042496 /* SetGameViewController.m in Sources */ = {isa = PBXBuildFile; fileRef = EAB86CB01A9CBEEA00042496 /* SetGameViewController.m */; };
		EAB86CB41A9CD1CD00042496 /* Main.storyboard in Resources */ = {isa = PBXBuildFile; fileRef = EAB86CB21A9CD1CD00042496 /* Main.storyboard */; };
		EAE48A8D1A84FE190086F0B6 /* main.m in Sources */ = {isa = PBXBuildFile; fileRef = EAE48A8C1A84FE190086F0B6 /* main.m */; };
		EAE48A901A84FE190086F0B6 /* AppDelegate.m in Sources */ = {isa = PBXBuildFile; fileRef = EAE48A8F1A84FE190086F0B6 /* AppDelegate.m */; };
		EAE48A931A84FE190086F0B6 /* CardGameViewController.m in Sources */ = {isa = PBXBuildFile; fileRef = EAE48A921A84FE190086F0B6 /* CardGameViewController.m */; };
		EAE48A981A84FE190086F0B6 /* Images.xcassets in Resources */ = {isa = PBXBuildFile; fileRef = EAE48A971A84FE190086F0B6 /* Images.xcassets */; };
		EAE48A9B1A84FE190086F0B6 /* LaunchScreen.xib in Resources */ = {isa = PBXBuildFile; fileRef = EAE48A991A84FE190086F0B6 /* LaunchScreen.xib */; };
		EAE48AA71A84FE190086F0B6 /* MatchismoTests.m in Sources */ = {isa = PBXBuildFile; fileRef = EAE48AA61A84FE190086F0B6 /* MatchismoTests.m */; };
		EAE48AB21A84FE450086F0B6 /* Card.m in Sources */ = {isa = PBXBuildFile; fileRef = EAE48AB11A84FE450086F0B6 /* Card.m */; };
		EAE48AB51A84FFEC0086F0B6 /* Deck.m in Sources */ = {isa = PBXBuildFile; fileRef = EAE48AB41A84FFEC0086F0B6 /* Deck.m */; };
		EAE48ABB1A851B070086F0B6 /* PlayingCardDeck.m in Sources */ = {isa = PBXBuildFile; fileRef = EAE48ABA1A851B070086F0B6 /* PlayingCardDeck.m */; };
		EAE48AC71A86787A0086F0B6 /* CardMatchingGame.m in Sources */ = {isa = PBXBuildFile; fileRef = EAE48AC61A86787A0086F0B6 /* CardMatchingGame.m */; };
		EAF5D5651AB8F00B00C24938 /* PlayingCardView.m in Sources */ = {isa = PBXBuildFile; fileRef = EAF5D5641AB8F00B00C24938 /* PlayingCardView.m */; };
/* End PBXBuildFile section */

/* Begin PBXContainerItemProxy section */
		EAE48AA11A84FE190086F0B6 /* PBXContainerItemProxy */ = {
			isa = PBXContainerItemProxy;
			containerPortal = EAE48A7F1A84FE190086F0B6 /* Project object */;
			proxyType = 1;
			remoteGlobalIDString = EAE48A861A84FE190086F0B6;
			remoteInfo = Matchismo;
		};
/* End PBXContainerItemProxy section */

/* Begin PBXFileReference section */
		EA2976C11A8BC5C600E8B77C /* PlayingCard.m */ = {isa = PBXFileReference; fileEncoding = 4; lastKnownFileType = sourcecode.c.objc; path = PlayingCard.m; sourceTree = "<group>"; };
		EA360D451A98FEEB00764E7D /* PlayingCardGameViewController.h */ = {isa = PBXFileReference; fileEncoding = 4; lastKnownFileType = sourcecode.c.h; path = PlayingCardGameViewController.h; sourceTree = "<group>"; };
		EA360D461A98FEEB00764E7D /* PlayingCardGameViewController.m */ = {isa = PBXFileReference; fileEncoding = 4; lastKnownFileType = sourcecode.c.objc; path = PlayingCardGameViewController.m; sourceTree = "<group>"; };
		EA5325831A9FBD9D005BB3E9 /* HistoryViewController.h */ = {isa = PBXFileReference; fileEncoding = 4; lastKnownFileType = sourcecode.c.h; name = HistoryViewController.h; path = ../HistoryViewController.h; sourceTree = "<group>"; };
		EA5325841A9FBD9D005BB3E9 /* HistoryViewController.m */ = {isa = PBXFileReference; fileEncoding = 4; lastKnownFileType = sourcecode.c.objc; name = HistoryViewController.m; path = ../HistoryViewController.m; sourceTree = "<group>"; };
		EA77FD821AA0C1EB001382A8 /* GameResult.h */ = {isa = PBXFileReference; fileEncoding = 4; lastKnownFileType = sourcecode.c.h; path = GameResult.h; sourceTree = "<group>"; };
		EA77FD831AA0C1EB001382A8 /* GameResult.m */ = {isa = PBXFileReference; fileEncoding = 4; lastKnownFileType = sourcecode.c.objc; path = GameResult.m; sourceTree = "<group>"; };
		EA77FD851AA0C5A9001382A8 /* GameResultsViewController.h */ = {isa = PBXFileReference; fileEncoding = 4; lastKnownFileType = sourcecode.c.h; name = GameResultsViewController.h; path = ../GameResultsViewController.h; sourceTree = "<group>"; };
		EA77FD861AA0C5A9001382A8 /* GameResultsViewController.m */ = {isa = PBXFileReference; fileEncoding = 4; lastKnownFileType = sourcecode.c.objc; name = GameResultsViewController.m; path = ../GameResultsViewController.m; sourceTree = "<group>"; };
		EAB86CA81A9C1EFB00042496 /* SetCard.h */ = {isa = PBXFileReference; fileEncoding = 4; lastKnownFileType = sourcecode.c.h; path = SetCard.h; sourceTree = "<group>"; };
		EAB86CA91A9C1EFB00042496 /* SetCard.m */ = {isa = PBXFileReference; fileEncoding = 4; lastKnownFileType = sourcecode.c.objc; path = SetCard.m; sourceTree = "<group>"; };
		EAB86CAC1A9CBE6600042496 /* SetCardDeck.h */ = {isa = PBXFileReference; fileEncoding = 4; lastKnownFileType = sourcecode.c.h; path = SetCardDeck.h; sourceTree = "<group>"; };
		EAB86CAD1A9CBE6600042496 /* SetCardDeck.m */ = {isa = PBXFileReference; fileEncoding = 4; lastKnownFileType = sourcecode.c.objc; path = SetCardDeck.m; sourceTree = "<group>"; };
		EAB86CAF1A9CBEEA00042496 /* SetGameViewController.h */ = {isa = PBXFileReference; fileEncoding = 4; lastKnownFileType = sourcecode.c.h; path = SetGameViewController.h; sourceTree = "<group>"; };
		EAB86CB01A9CBEEA00042496 /* SetGameViewController.m */ = {isa = PBXFileReference; fileEncoding = 4; lastKnownFileType = sourcecode.c.objc; path = SetGameViewController.m; sourceTree = "<group>"; };
		EAB86CB31A9CD1CD00042496 /* Base */ = {isa = PBXFileReference; lastKnownFileType = file.storyboard; name = Base; path = Matchismo/Base.lproj/Main.storyboard; sourceTree = "<group>"; };
		EAE48A871A84FE190086F0B6 /* Matchismo.app */ = {isa = PBXFileReference; explicitFileType = wrapper.application; includeInIndex = 0; path = Matchismo.app; sourceTree = BUILT_PRODUCTS_DIR; };
		EAE48A8B1A84FE190086F0B6 /* Info.plist */ = {isa = PBXFileReference; lastKnownFileType = text.plist.xml; path = Info.plist; sourceTree = "<group>"; };
		EAE48A8C1A84FE190086F0B6 /* main.m */ = {isa = PBXFileReference; lastKnownFileType = sourcecode.c.objc; path = main.m; sourceTree = "<group>"; };
		EAE48A8E1A84FE190086F0B6 /* AppDelegate.h */ = {isa = PBXFileReference; lastKnownFileType = sourcecode.c.h; path = AppDelegate.h; sourceTree = "<group>"; };
		EAE48A8F1A84FE190086F0B6 /* AppDelegate.m */ = {isa = PBXFileReference; lastKnownFileType = sourcecode.c.objc; path = AppDelegate.m; sourceTree = "<group>"; };
		EAE48A911A84FE190086F0B6 /* CardGameViewController.h */ = {isa = PBXFileReference; lastKnownFileType = sourcecode.c.h; path = CardGameViewController.h; sourceTree = "<group>"; };
		EAE48A921A84FE190086F0B6 /* CardGameViewController.m */ = {isa = PBXFileReference; lastKnownFileType = sourcecode.c.objc; path = CardGameViewController.m; sourceTree = "<group>"; };
		EAE48A971A84FE190086F0B6 /* Images.xcassets */ = {isa = PBXFileReference; lastKnownFileType = folder.assetcatalog; path = Images.xcassets; sourceTree = "<group>"; };
		EAE48A9A1A84FE190086F0B6 /* Base */ = {isa = PBXFileReference; lastKnownFileType = file.xib; name = Base; path = Base.lproj/LaunchScreen.xib; sourceTree = "<group>"; };
		EAE48AA01A84FE190086F0B6 /* MatchismoTests.xctest */ = {isa = PBXFileReference; explicitFileType = wrapper.cfbundle; includeInIndex = 0; path = MatchismoTests.xctest; sourceTree = BUILT_PRODUCTS_DIR; };
		EAE48AA51A84FE190086F0B6 /* Info.plist */ = {isa = PBXFileReference; lastKnownFileType = text.plist.xml; path = Info.plist; sourceTree = "<group>"; };
		EAE48AA61A84FE190086F0B6 /* MatchismoTests.m */ = {isa = PBXFileReference; lastKnownFileType = sourcecode.c.objc; path = MatchismoTests.m; sourceTree = "<group>"; };
		EAE48AB01A84FE450086F0B6 /* Card.h */ = {isa = PBXFileReference; fileEncoding = 4; lastKnownFileType = sourcecode.c.h; path = Card.h; sourceTree = "<group>"; };
		EAE48AB11A84FE450086F0B6 /* Card.m */ = {isa = PBXFileReference; fileEncoding = 4; lastKnownFileType = sourcecode.c.objc; path = Card.m; sourceTree = "<group>"; };
		EAE48AB31A84FFEC0086F0B6 /* Deck.h */ = {isa = PBXFileReference; fileEncoding = 4; lastKnownFileType = sourcecode.c.h; path = Deck.h; sourceTree = "<group>"; };
		EAE48AB41A84FFEC0086F0B6 /* Deck.m */ = {isa = PBXFileReference; fileEncoding = 4; lastKnownFileType = sourcecode.c.objc; path = Deck.m; sourceTree = "<group>"; };
		EAE48AB61A8505450086F0B6 /* PlayingCard.h */ = {isa = PBXFileReference; fileEncoding = 4; lastKnownFileType = sourcecode.c.h; path = PlayingCard.h; sourceTree = "<group>"; };
		EAE48AB91A851B070086F0B6 /* PlayingCardDeck.h */ = {isa = PBXFileReference; fileEncoding = 4; lastKnownFileType = sourcecode.c.h; path = PlayingCardDeck.h; sourceTree = "<group>"; };
		EAE48ABA1A851B070086F0B6 /* PlayingCardDeck.m */ = {isa = PBXFileReference; fileEncoding = 4; lastKnownFileType = sourcecode.c.objc; path = PlayingCardDeck.m; sourceTree = "<group>"; };
		EAE48AC51A86787A0086F0B6 /* CardMatchingGame.h */ = {isa = PBXFileReference; fileEncoding = 4; lastKnownFileType = sourcecode.c.h; name = CardMatchingGame.h; path = Matchismo/CardMatchingGame.h; sourceTree = "<group>"; };
		EAE48AC61A86787A0086F0B6 /* CardMatchingGame.m */ = {isa = PBXFileReference; fileEncoding = 4; lastKnownFileType = sourcecode.c.objc; name = CardMatchingGame.m; path = Matchismo/CardMatchingGame.m; sourceTree = "<group>"; };
		EAF5D5631AB8F00A00C24938 /* PlayingCardView.h */ = {isa = PBXFileReference; fileEncoding = 4; lastKnownFileType = sourcecode.c.h; path = PlayingCardView.h; sourceTree = "<group>"; };
		EAF5D5641AB8F00B00C24938 /* PlayingCardView.m */ = {isa = PBXFileReference; fileEncoding = 4; lastKnownFileType = sourcecode.c.objc; path = PlayingCardView.m; sourceTree = "<group>"; };
/* End PBXFileReference section */

/* Begin PBXFrameworksBuildPhase section */
		EAE48A841A84FE190086F0B6 /* Frameworks */ = {
			isa = PBXFrameworksBuildPhase;
			buildActionMask = 2147483647;
			files = (
			);
			runOnlyForDeploymentPostprocessing = 0;
		};
		EAE48A9D1A84FE190086F0B6 /* Frameworks */ = {
			isa = PBXFrameworksBuildPhase;
			buildActionMask = 2147483647;
			files = (
			);
			runOnlyForDeploymentPostprocessing = 0;
		};
/* End PBXFrameworksBuildPhase section */

/* Begin PBXGroup section */
		EAB86CAB1A9C1F1500042496 /* Controllers */ = {
			isa = PBXGroup;
			children = (
				EAE48A911A84FE190086F0B6 /* CardGameViewController.h */,
				EAE48A921A84FE190086F0B6 /* CardGameViewController.m */,
				EAB86CAF1A9CBEEA00042496 /* SetGameViewController.h */,
				EAB86CB01A9CBEEA00042496 /* SetGameViewController.m */,
				EA360D451A98FEEB00764E7D /* PlayingCardGameViewController.h */,
				EA360D461A98FEEB00764E7D /* PlayingCardGameViewController.m */,
				EA5325831A9FBD9D005BB3E9 /* HistoryViewController.h */,
				EA5325841A9FBD9D005BB3E9 /* HistoryViewController.m */,
				EA77FD851AA0C5A9001382A8 /* GameResultsViewController.h */,
				EA77FD861AA0C5A9001382A8 /* GameResultsViewController.m */,
			);
			name = Controllers;
			sourceTree = "<group>";
		};
		EAE48A7E1A84FE190086F0B6 = {
			isa = PBXGroup;
			children = (
				EAE48A891A84FE190086F0B6 /* Matchismo */,
				EAE48AA31A84FE190086F0B6 /* MatchismoTests */,
				EAE48A881A84FE190086F0B6 /* Products */,
			);
			sourceTree = "<group>";
		};
		EAE48A881A84FE190086F0B6 /* Products */ = {
			isa = PBXGroup;
			children = (
				EAE48A871A84FE190086F0B6 /* Matchismo.app */,
				EAE48AA01A84FE190086F0B6 /* MatchismoTests.xctest */,
			);
			name = Products;
			sourceTree = "<group>";
		};
		EAE48A891A84FE190086F0B6 /* Matchismo */ = {
			isa = PBXGroup;
			children = (
				EAF5D5621AB8F00100C24938 /* Views */,
				EAB86CAB1A9C1F1500042496 /* Controllers */,
				EAE48AC41A852BCF0086F0B6 /* Model */,
				EAE48A971A84FE190086F0B6 /* Images.xcassets */,
				EAE48A991A84FE190086F0B6 /* LaunchScreen.xib */,
				EAE48A8A1A84FE190086F0B6 /* Supporting Files */,
			);
			path = Matchismo;
			sourceTree = "<group>";
		};
		EAE48A8A1A84FE190086F0B6 /* Supporting Files */ = {
			isa = PBXGroup;
			children = (
				EAE48A8E1A84FE190086F0B6 /* AppDelegate.h */,
				EAE48A8F1A84FE190086F0B6 /* AppDelegate.m */,
				EAE48A8B1A84FE190086F0B6 /* Info.plist */,
				EAE48A8C1A84FE190086F0B6 /* main.m */,
			);
			name = "Supporting Files";
			sourceTree = "<group>";
		};
		EAE48AA31A84FE190086F0B6 /* MatchismoTests */ = {
			isa = PBXGroup;
			children = (
				EAE48AA61A84FE190086F0B6 /* MatchismoTests.m */,
				EAE48AA41A84FE190086F0B6 /* Supporting Files */,
			);
			path = MatchismoTests;
			sourceTree = "<group>";
		};
		EAE48AA41A84FE190086F0B6 /* Supporting Files */ = {
			isa = PBXGroup;
			children = (
				EAE48AA51A84FE190086F0B6 /* Info.plist */,
			);
			name = "Supporting Files";
			sourceTree = "<group>";
		};
		EAE48AC41A852BCF0086F0B6 /* Model */ = {
			isa = PBXGroup;
			children = (
				EAE48AB01A84FE450086F0B6 /* Card.h */,
				EAE48AB11A84FE450086F0B6 /* Card.m */,
				EAB86CA81A9C1EFB00042496 /* SetCard.h */,
				EAB86CA91A9C1EFB00042496 /* SetCard.m */,
				EA2976C11A8BC5C600E8B77C /* PlayingCard.m */,
				EAE48AB61A8505450086F0B6 /* PlayingCard.h */,
				EAE48AB31A84FFEC0086F0B6 /* Deck.h */,
				EAE48AB41A84FFEC0086F0B6 /* Deck.m */,
				EAB86CAC1A9CBE6600042496 /* SetCardDeck.h */,
				EAB86CAD1A9CBE6600042496 /* SetCardDeck.m */,
				EAE48AB91A851B070086F0B6 /* PlayingCardDeck.h */,
				EAE48ABA1A851B070086F0B6 /* PlayingCardDeck.m */,
				EAE48AC51A86787A0086F0B6 /* CardMatchingGame.h */,
				EAE48AC61A86787A0086F0B6 /* CardMatchingGame.m */,
				EAB86CB21A9CD1CD00042496 /* Main.storyboard */,
				EA77FD821AA0C1EB001382A8 /* GameResult.h */,
				EA77FD831AA0C1EB001382A8 /* GameResult.m */,
			);
			name = Model;
			path = ..;
			sourceTree = "<group>";
		};
		EAF5D5621AB8F00100C24938 /* Views */ = {
			isa = PBXGroup;
			children = (
				EAF5D5631AB8F00A00C24938 /* PlayingCardView.h */,
				EAF5D5641AB8F00B00C24938 /* PlayingCardView.m */,
			);
			name = Views;
			sourceTree = "<group>";
		};
/* End PBXGroup section */

/* Begin PBXNativeTarget section */
		EAE48A861A84FE190086F0B6 /* Matchismo */ = {
			isa = PBXNativeTarget;
			buildConfigurationList = EAE48AAA1A84FE190086F0B6 /* Build configuration list for PBXNativeTarget "Matchismo" */;
			buildPhases = (
				EAE48A831A84FE190086F0B6 /* Sources */,
				EAE48A841A84FE190086F0B6 /* Frameworks */,
				EAE48A851A84FE190086F0B6 /* Resources */,
			);
			buildRules = (
			);
			dependencies = (
			);
			name = Matchismo;
			productName = Matchismo;
			productReference = EAE48A871A84FE190086F0B6 /* Matchismo.app */;
			productType = "com.apple.product-type.application";
		};
		EAE48A9F1A84FE190086F0B6 /* MatchismoTests */ = {
			isa = PBXNativeTarget;
			buildConfigurationList = EAE48AAD1A84FE190086F0B6 /* Build configuration list for PBXNativeTarget "MatchismoTests" */;
			buildPhases = (
				EAE48A9C1A84FE190086F0B6 /* Sources */,
				EAE48A9D1A84FE190086F0B6 /* Frameworks */,
				EAE48A9E1A84FE190086F0B6 /* Resources */,
			);
			buildRules = (
			);
			dependencies = (
				EAE48AA21A84FE190086F0B6 /* PBXTargetDependency */,
			);
			name = MatchismoTests;
			productName = MatchismoTests;
			productReference = EAE48AA01A84FE190086F0B6 /* MatchismoTests.xctest */;
			productType = "com.apple.product-type.bundle.unit-test";
		};
/* End PBXNativeTarget section */

/* Begin PBXProject section */
		EAE48A7F1A84FE190086F0B6 /* Project object */ = {
			isa = PBXProject;
			attributes = {
				LastUpgradeCheck = 0610;
				ORGANIZATIONNAME = sbastidasr;
				TargetAttributes = {
					EAE48A861A84FE190086F0B6 = {
						CreatedOnToolsVersion = 6.1.1;
					};
					EAE48A9F1A84FE190086F0B6 = {
						CreatedOnToolsVersion = 6.1.1;
						TestTargetID = EAE48A861A84FE190086F0B6;
					};
				};
			};
			buildConfigurationList = EAE48A821A84FE190086F0B6 /* Build configuration list for PBXProject "Matchismo" */;
			compatibilityVersion = "Xcode 3.2";
			developmentRegion = English;
			hasScannedForEncodings = 0;
			knownRegions = (
				en,
				Base,
			);
			mainGroup = EAE48A7E1A84FE190086F0B6;
			productRefGroup = EAE48A881A84FE190086F0B6 /* Products */;
			projectDirPath = "";
			projectRoot = "";
			targets = (
				EAE48A861A84FE190086F0B6 /* Matchismo */,
				EAE48A9F1A84FE190086F0B6 /* MatchismoTests */,
			);
		};
/* End PBXProject section */

/* Begin PBXResourcesBuildPhase section */
		EAE48A851A84FE190086F0B6 /* Resources */ = {
			isa = PBXResourcesBuildPhase;
			buildActionMask = 2147483647;
			files = (
				EAB86CB41A9CD1CD00042496 /* Main.storyboard in Resources */,
				EAE48A9B1A84FE190086F0B6 /* LaunchScreen.xib in Resources */,
				EAE48A981A84FE190086F0B6 /* Images.xcassets in Resources */,
			);
			runOnlyForDeploymentPostprocessing = 0;
		};
		EAE48A9E1A84FE190086F0B6 /* Resources */ = {
			isa = PBXResourcesBuildPhase;
			buildActionMask = 2147483647;
			files = (
			);
			runOnlyForDeploymentPostprocessing = 0;
		};
/* End PBXResourcesBuildPhase section */

/* Begin PBXSourcesBuildPhase section */
		EAE48A831A84FE190086F0B6 /* Sources */ = {
			isa = PBXSourcesBuildPhase;
			buildActionMask = 2147483647;
			files = (
				EAE48AB51A84FFEC0086F0B6 /* Deck.m in Sources */,
				EAE48A931A84FE190086F0B6 /* CardGameViewController.m in Sources */,
				EA77FD841AA0C1EB001382A8 /* GameResult.m in Sources */,
				EAE48A901A84FE190086F0B6 /* AppDelegate.m in Sources */,
				EAB86CAE1A9CBE6600042496 /* SetCardDeck.m in Sources */,
				EAF5D5651AB8F00B00C24938 /* PlayingCardView.m in Sources */,
				EAE48AC71A86787A0086F0B6 /* CardMatchingGame.m in Sources */,
				EAB86CAA1A9C1EFB00042496 /* SetCard.m in Sources */,
				EA77FD871AA0C5A9001382A8 /* GameResultsViewController.m in Sources */,
				EA5325851A9FBD9D005BB3E9 /* HistoryViewController.m in Sources */,
				EAE48ABB1A851B070086F0B6 /* PlayingCardDeck.m in Sources */,
				EAE48A8D1A84FE190086F0B6 /* main.m in Sources */,
				EA2976C21A8BC5C600E8B77C /* PlayingCard.m in Sources */,
				EAE48AB21A84FE450086F0B6 /* Card.m in Sources */,
				EA360D471A98FEEB00764E7D /* PlayingCardGameViewController.m in Sources */,
				EAB86CB11A9CBEEA00042496 /* SetGameViewController.m in Sources */,
			);
			runOnlyForDeploymentPostprocessing = 0;
		};
		EAE48A9C1A84FE190086F0B6 /* Sources */ = {
			isa = PBXSourcesBuildPhase;
			buildActionMask = 2147483647;
			files = (
				EAE48AA71A84FE190086F0B6 /* MatchismoTests.m in Sources */,
			);
			runOnlyForDeploymentPostprocessing = 0;
		};
/* End PBXSourcesBuildPhase section */

/* Begin PBXTargetDependency section */
		EAE48AA21A84FE190086F0B6 /* PBXTargetDependency */ = {
			isa = PBXTargetDependency;
			target = EAE48A861A84FE190086F0B6 /* Matchismo */;
			targetProxy = EAE48AA11A84FE190086F0B6 /* PBXContainerItemProxy */;
		};
/* End PBXTargetDependency section */

/* Begin PBXVariantGroup section */
		EAB86CB21A9CD1CD00042496 /* Main.storyboard */ = {
			isa = PBXVariantGroup;
			children = (
				EAB86CB31A9CD1CD00042496 /* Base */,
			);
			name = Main.storyboard;
			sourceTree = "<group>";
		};
		EAE48A991A84FE190086F0B6 /* LaunchScreen.xib */ = {
			isa = PBXVariantGroup;
			children = (
				EAE48A9A1A84FE190086F0B6 /* Base */,
			);
			name = LaunchScreen.xib;
			sourceTree = "<group>";
		};
/* End PBXVariantGroup section */

/* Begin XCBuildConfiguration section */
		EAE48AA81A84FE190086F0B6 /* Debug */ = {
			isa = XCBuildConfiguration;
			buildSettings = {
				ALWAYS_SEARCH_USER_PATHS = NO;
				CLANG_CXX_LANGUAGE_STANDARD = "gnu++0x";
				CLANG_CXX_LIBRARY = "libc++";
				CLANG_ENABLE_MODULES = YES;
				CLANG_ENABLE_OBJC_ARC = YES;
				CLANG_WARN_BOOL_CONVERSION = YES;
				CLANG_WARN_CONSTANT_CONVERSION = YES;
				CLANG_WARN_DIRECT_OBJC_ISA_USAGE = YES_ERROR;
				CLANG_WARN_EMPTY_BODY = YES;
				CLANG_WARN_ENUM_CONVERSION = YES;
				CLANG_WARN_INT_CONVERSION = YES;
				CLANG_WARN_OBJC_ROOT_CLASS = YES_ERROR;
				CLANG_WARN_UNREACHABLE_CODE = YES;
				CLANG_WARN__DUPLICATE_METHOD_MATCH = YES;
				"CODE_SIGN_IDENTITY[sdk=iphoneos*]" = "iPhone Developer";
				COPY_PHASE_STRIP = NO;
				ENABLE_STRICT_OBJC_MSGSEND = YES;
				GCC_C_LANGUAGE_STANDARD = gnu99;
				GCC_DYNAMIC_NO_PIC = NO;
				GCC_OPTIMIZATION_LEVEL = 0;
				GCC_PREPROCESSOR_DEFINITIONS = (
					"DEBUG=1",
					"$(inherited)",
				);
				GCC_SYMBOLS_PRIVATE_EXTERN = NO;
				GCC_WARN_64_TO_32_BIT_CONVERSION = YES;
				GCC_WARN_ABOUT_RETURN_TYPE = YES_ERROR;
				GCC_WARN_UNDECLARED_SELECTOR = YES;
				GCC_WARN_UNINITIALIZED_AUTOS = YES_AGGRESSIVE;
				GCC_WARN_UNUSED_FUNCTION = YES;
				GCC_WARN_UNUSED_VARIABLE = YES;
				IPHONEOS_DEPLOYMENT_TARGET = 8.1;
				MTL_ENABLE_DEBUG_INFO = YES;
				ONLY_ACTIVE_ARCH = YES;
				SDKROOT = iphoneos;
			};
			name = Debug;
		};
		EAE48AA91A84FE190086F0B6 /* Release */ = {
			isa = XCBuildConfiguration;
			buildSettings = {
				ALWAYS_SEARCH_USER_PATHS = NO;
				CLANG_CXX_LANGUAGE_STANDARD = "gnu++0x";
				CLANG_CXX_LIBRARY = "libc++";
				CLANG_ENABLE_MODULES = YES;
				CLANG_ENABLE_OBJC_ARC = YES;
				CLANG_WARN_BOOL_CONVERSION = YES;
				CLANG_WARN_CONSTANT_CONVERSION = YES;
				CLANG_WARN_DIRECT_OBJC_ISA_USAGE = YES_ERROR;
				CLANG_WARN_EMPTY_BODY = YES;
				CLANG_WARN_ENUM_CONVERSION = YES;
				CLANG_WARN_INT_CONVERSION = YES;
				CLANG_WARN_OBJC_ROOT_CLASS = YES_ERROR;
				CLANG_WARN_UNREACHABLE_CODE = YES;
				CLANG_WARN__DUPLICATE_METHOD_MATCH = YES;
				"CODE_SIGN_IDENTITY[sdk=iphoneos*]" = "iPhone Developer";
				COPY_PHASE_STRIP = YES;
				ENABLE_NS_ASSERTIONS = NO;
				ENABLE_STRICT_OBJC_MSGSEND = YES;
				GCC_C_LANGUAGE_STANDARD = gnu99;
				GCC_WARN_64_TO_32_BIT_CONVERSION = YES;
				GCC_WARN_ABOUT_RETURN_TYPE = YES_ERROR;
				GCC_WARN_UNDECLARED_SELECTOR = YES;
				GCC_WARN_UNINITIALIZED_AUTOS = YES_AGGRESSIVE;
				GCC_WARN_UNUSED_FUNCTION = YES;
				GCC_WARN_UNUSED_VARIABLE = YES;
				IPHONEOS_DEPLOYMENT_TARGET = 8.1;
				MTL_ENABLE_DEBUG_INFO = NO;
				SDKROOT = iphoneos;
				VALIDATE_PRODUCT = YES;
			};
			name = Release;
		};
		EAE48AAB1A84FE190086F0B6 /* Debug */ = {
			isa = XCBuildConfiguration;
			buildSettings = {
				ASSETCATALOG_COMPILER_APPICON_NAME = AppIcon;
				INFOPLIST_FILE = Matchismo/Info.plist;
				LD_RUNPATH_SEARCH_PATHS = "$(inherited) @executable_path/Frameworks";
				PRODUCT_NAME = "$(TARGET_NAME)";
			};
			name = Debug;
		};
		EAE48AAC1A84FE190086F0B6 /* Release */ = {
			isa = XCBuildConfiguration;
			buildSettings = {
				ASSETCATALOG_COMPILER_APPICON_NAME = AppIcon;
				INFOPLIST_FILE = Matchismo/Info.plist;
				LD_RUNPATH_SEARCH_PATHS = "$(inherited) @executable_path/Frameworks";
				PRODUCT_NAME = "$(TARGET_NAME)";
			};
			name = Release;
		};
		EAE48AAE1A84FE190086F0B6 /* Debug */ = {
			isa = XCBuildConfiguration;
			buildSettings = {
				BUNDLE_LOADER = "$(TEST_HOST)";
				FRAMEWORK_SEARCH_PATHS = (
					"$(SDKROOT)/Developer/Library/Frameworks",
					"$(inherited)",
				);
				GCC_PREPROCESSOR_DEFINITIONS = (
					"DEBUG=1",
					"$(inherited)",
				);
				INFOPLIST_FILE = MatchismoTests/Info.plist;
				LD_RUNPATH_SEARCH_PATHS = "$(inherited) @executable_path/Frameworks @loader_path/Frameworks";
				PRODUCT_NAME = "$(TARGET_NAME)";
				TEST_HOST = "$(BUILT_PRODUCTS_DIR)/Matchismo.app/Matchismo";
			};
			name = Debug;
		};
		EAE48AAF1A84FE190086F0B6 /* Release */ = {
			isa = XCBuildConfiguration;
			buildSettings = {
				BUNDLE_LOADER = "$(TEST_HOST)";
				FRAMEWORK_SEARCH_PATHS = (
					"$(SDKROOT)/Developer/Library/Frameworks",
					"$(inherited)",
				);
				INFOPLIST_FILE = MatchismoTests/Info.plist;
				LD_RUNPATH_SEARCH_PATHS = "$(inherited) @executable_path/Frameworks @loader_path/Frameworks";
				PRODUCT_NAME = "$(TARGET_NAME)";
				TEST_HOST = "$(BUILT_PRODUCTS_DIR)/Matchismo.app/Matchismo";
			};
			name = Release;
		};
/* End XCBuildConfiguration section */

/* Begin XCConfigurationList section */
		EAE48A821A84FE190086F0B6 /* Build configuration list for PBXProject "Matchismo" */ = {
			isa = XCConfigurationList;
			buildConfigurations = (
				EAE48AA81A84FE190086F0B6 /* Debug */,
				EAE48AA91A84FE190086F0B6 /* Release */,
			);
			defaultConfigurationIsVisible = 0;
			defaultConfigurationName = Release;
		};
		EAE48AAA1A84FE190086F0B6 /* Build configuration list for PBXNativeTarget "Matchismo" */ = {
			isa = XCConfigurationList;
			buildConfigurations = (
				EAE48AAB1A84FE190086F0B6 /* Debug */,
				EAE48AAC1A84FE190086F0B6 /* Release */,
			);
			defaultConfigurationIsVisible = 0;
			defaultConfigurationName = Release;
		};
		EAE48AAD1A84FE190086F0B6 /* Build configuration list for PBXNativeTarget "MatchismoTests" */ = {
			isa = XCConfigurationList;
			buildConfigurations = (
				EAE48AAE1A84FE190086F0B6 /* Debug */,
				EAE48AAF1A84FE190086F0B6 /* Release */,
			);
			defaultConfigurationIsVisible = 0;
			defaultConfigurationName = Release;
		};
/* End XCConfigurationList section */
	};
	rootObject = EAE48A7F1A84FE190086F0B6 /* Project object */;
}
